
Microsoft Visual Studio Solution File, Format Version 12.00
# Visual Studio Version 17
VisualStudioVersion = 17.7.34031.279
MinimumVisualStudioVersion = 10.0.40219.1
Project("{FAE04EC0-301F-11D3-BF4B-00C04F79EFBC}") = "21. Getters and Setters", "21. Getters and Setters.csproj", "{09B86831-5FA4-4718-8597-7DD27890490D}"
EndProject
Global
	GlobalSection(SolutionConfigurationPlatforms) = preSolution
		Debug|Any CPU = Debug|Any CPU
		Release|Any CPU = Release|Any CPU
	EndGlobalSection
	GlobalSection(ProjectConfigurationPlatforms) = postSolution
		{09B86831-5FA4-4718-8597-7DD27890490D}.Debug|Any CPU.ActiveCfg = Debug|Any CPU
		{09B86831-5FA4-4718-8597-7DD27890490D}.Debug|Any CPU.Build.0 = Debug|Any CPU
		{09B86831-5FA4-4718-8597-7DD27890490D}.Release|Any CPU.ActiveCfg = Release|Any CPU
		{09B86831-5FA4-4718-8597-7DD27890490D}.Release|Any CPU.Build.0 = Release|Any CPU
	EndGlobalSection
	GlobalSection(SolutionProperties) = preSolution
		HideSolutionNode = FALSE
	EndGlobalSection
	GlobalSection(ExtensibilityGlobals) = postSolution
		SolutionGuid = {86074373-E9A4-4862-AE25-F3EBF048A46D}
	EndGlobalSection
EndGlobal
